
Microsoft Visual Studio Solution File, Format Version 12.00
# Visual Studio Version 17
VisualStudioVersion = 17.5.33516.290
MinimumVisualStudioVersion = 10.0.40219.1
Project("{FAE04EC0-301F-11D3-BF4B-00C04F79EFBC}") = "Fibonacci_Rabbit", "Fibonacci_Rabbit\Fibonacci_Rabbit.csproj", "{E8CC0D41-D9F6-4102-9645-1B4413E04A68}"
EndProject
Global
	GlobalSection(SolutionConfigurationPlatforms) = preSolution
		Debug|Any CPU = Debug|Any CPU
		Release|Any CPU = Release|Any CPU
	EndGlobalSection
	GlobalSection(ProjectConfigurationPlatforms) = postSolution
		{E8CC0D41-D9F6-4102-9645-1B4413E04A68}.Debug|Any CPU.ActiveCfg = Debug|Any CPU
		{E8CC0D41-D9F6-4102-9645-1B4413E04A68}.Debug|Any CPU.Build.0 = Debug|Any CPU
		{E8CC0D41-D9F6-4102-9645-1B4413E04A68}.Release|Any CPU.ActiveCfg = Release|Any CPU
		{E8CC0D41-D9F6-4102-9645-1B4413E04A68}.Release|Any CPU.Build.0 = Release|Any CPU
	EndGlobalSection
	GlobalSection(SolutionProperties) = preSolution
		HideSolutionNode = FALSE
	EndGlobalSection
	GlobalSection(ExtensibilityGlobals) = postSolution
		SolutionGuid = {463F1234-5D39-478F-A450-AD061CCAF7CF}
	EndGlobalSection
EndGlobal
