
Microsoft Visual Studio Solution File, Format Version 12.00
# Visual Studio Version 17
VisualStudioVersion = 17.5.33516.290
MinimumVisualStudioVersion = 10.0.40219.1
Project("{FAE04EC0-301F-11D3-BF4B-00C04F79EFBC}") = "binomial coefficient", "binomial coefficient\binomial coefficient.csproj", "{6B970F07-2893-4B98-BF51-144D749F6627}"
EndProject
Global
	GlobalSection(SolutionConfigurationPlatforms) = preSolution
		Debug|Any CPU = Debug|Any CPU
		Release|Any CPU = Release|Any CPU
	EndGlobalSection
	GlobalSection(ProjectConfigurationPlatforms) = postSolution
		{6B970F07-2893-4B98-BF51-144D749F6627}.Debug|Any CPU.ActiveCfg = Debug|Any CPU
		{6B970F07-2893-4B98-BF51-144D749F6627}.Debug|Any CPU.Build.0 = Debug|Any CPU
		{6B970F07-2893-4B98-BF51-144D749F6627}.Release|Any CPU.ActiveCfg = Release|Any CPU
		{6B970F07-2893-4B98-BF51-144D749F6627}.Release|Any CPU.Build.0 = Release|Any CPU
	EndGlobalSection
	GlobalSection(SolutionProperties) = preSolution
		HideSolutionNode = FALSE
	EndGlobalSection
	GlobalSection(ExtensibilityGlobals) = postSolution
		SolutionGuid = {B083093D-FC4D-4EED-A737-932396D5B995}
	EndGlobalSection
EndGlobal
