
Microsoft Visual Studio Solution File, Format Version 12.00
# Visual Studio Version 17
VisualStudioVersion = 17.5.33530.505
MinimumVisualStudioVersion = 10.0.40219.1
Project("{FAE04EC0-301F-11D3-BF4B-00C04F79EFBC}") = "Binary Search", "Binary Search\Binary Search.csproj", "{67F38A58-87E2-41EC-AEA9-71FEF624CD61}"
EndProject
Global
	GlobalSection(SolutionConfigurationPlatforms) = preSolution
		Debug|Any CPU = Debug|Any CPU
		Release|Any CPU = Release|Any CPU
	EndGlobalSection
	GlobalSection(ProjectConfigurationPlatforms) = postSolution
		{67F38A58-87E2-41EC-AEA9-71FEF624CD61}.Debug|Any CPU.ActiveCfg = Debug|Any CPU
		{67F38A58-87E2-41EC-AEA9-71FEF624CD61}.Debug|Any CPU.Build.0 = Debug|Any CPU
		{67F38A58-87E2-41EC-AEA9-71FEF624CD61}.Release|Any CPU.ActiveCfg = Release|Any CPU
		{67F38A58-87E2-41EC-AEA9-71FEF624CD61}.Release|Any CPU.Build.0 = Release|Any CPU
	EndGlobalSection
	GlobalSection(SolutionProperties) = preSolution
		HideSolutionNode = FALSE
	EndGlobalSection
	GlobalSection(ExtensibilityGlobals) = postSolution
		SolutionGuid = {C9AE6B6A-D4BB-476F-873B-8A146E294DB9}
	EndGlobalSection
EndGlobal
