
Microsoft Visual Studio Solution File, Format Version 12.00
# Visual Studio Version 17
VisualStudioVersion = 17.5.33530.505
MinimumVisualStudioVersion = 10.0.40219.1
Project("{FAE04EC0-301F-11D3-BF4B-00C04F79EFBC}") = "Ackerman function", "Ackerman function\Ackerman function.csproj", "{FC286489-4942-484C-B57D-40655CFA66F0}"
EndProject
Global
	GlobalSection(SolutionConfigurationPlatforms) = preSolution
		Debug|Any CPU = Debug|Any CPU
		Release|Any CPU = Release|Any CPU
	EndGlobalSection
	GlobalSection(ProjectConfigurationPlatforms) = postSolution
		{FC286489-4942-484C-B57D-40655CFA66F0}.Debug|Any CPU.ActiveCfg = Debug|Any CPU
		{FC286489-4942-484C-B57D-40655CFA66F0}.Debug|Any CPU.Build.0 = Debug|Any CPU
		{FC286489-4942-484C-B57D-40655CFA66F0}.Release|Any CPU.ActiveCfg = Release|Any CPU
		{FC286489-4942-484C-B57D-40655CFA66F0}.Release|Any CPU.Build.0 = Release|Any CPU
	EndGlobalSection
	GlobalSection(SolutionProperties) = preSolution
		HideSolutionNode = FALSE
	EndGlobalSection
	GlobalSection(ExtensibilityGlobals) = postSolution
		SolutionGuid = {AD039D96-4DF1-4DE9-9484-D097B3E847B6}
	EndGlobalSection
EndGlobal
