
Microsoft Visual Studio Solution File, Format Version 12.00
# Visual Studio Version 17
VisualStudioVersion = 17.9.34407.89
MinimumVisualStudioVersion = 10.0.40219.1
Project("{FAE04EC0-301F-11D3-BF4B-00C04F79EFBC}") = "Add Two Numbers", "Add Two Numbers\Add Two Numbers.csproj", "{DD0FD813-C1B1-479E-965B-86DB59787D9B}"
EndProject
Global
	GlobalSection(SolutionConfigurationPlatforms) = preSolution
		Debug|Any CPU = Debug|Any CPU
		Release|Any CPU = Release|Any CPU
	EndGlobalSection
	GlobalSection(ProjectConfigurationPlatforms) = postSolution
		{DD0FD813-C1B1-479E-965B-86DB59787D9B}.Debug|Any CPU.ActiveCfg = Debug|Any CPU
		{DD0FD813-C1B1-479E-965B-86DB59787D9B}.Debug|Any CPU.Build.0 = Debug|Any CPU
		{DD0FD813-C1B1-479E-965B-86DB59787D9B}.Release|Any CPU.ActiveCfg = Release|Any CPU
		{DD0FD813-C1B1-479E-965B-86DB59787D9B}.Release|Any CPU.Build.0 = Release|Any CPU
	EndGlobalSection
	GlobalSection(SolutionProperties) = preSolution
		HideSolutionNode = FALSE
	EndGlobalSection
	GlobalSection(ExtensibilityGlobals) = postSolution
		SolutionGuid = {53546F78-0DB8-421A-BD50-7FA67E60280A}
	EndGlobalSection
EndGlobal
