
Microsoft Visual Studio Solution File, Format Version 12.00
# Visual Studio Version 17
VisualStudioVersion = 17.8.34408.163
MinimumVisualStudioVersion = 10.0.40219.1
Project("{FAE04EC0-301F-11D3-BF4B-00C04F79EFBC}") = "Binary_Tree_Swap", "Binary_Tree_Swap\Binary_Tree_Swap.csproj", "{A369C04A-A96E-49B9-8A47-66FB585FDE9B}"
EndProject
Global
	GlobalSection(SolutionConfigurationPlatforms) = preSolution
		Debug|Any CPU = Debug|Any CPU
		Release|Any CPU = Release|Any CPU
	EndGlobalSection
	GlobalSection(ProjectConfigurationPlatforms) = postSolution
		{A369C04A-A96E-49B9-8A47-66FB585FDE9B}.Debug|Any CPU.ActiveCfg = Debug|Any CPU
		{A369C04A-A96E-49B9-8A47-66FB585FDE9B}.Debug|Any CPU.Build.0 = Debug|Any CPU
		{A369C04A-A96E-49B9-8A47-66FB585FDE9B}.Release|Any CPU.ActiveCfg = Release|Any CPU
		{A369C04A-A96E-49B9-8A47-66FB585FDE9B}.Release|Any CPU.Build.0 = Release|Any CPU
	EndGlobalSection
	GlobalSection(SolutionProperties) = preSolution
		HideSolutionNode = FALSE
	EndGlobalSection
	GlobalSection(ExtensibilityGlobals) = postSolution
		SolutionGuid = {5016464D-7B53-42B6-941B-34C84DF2DF44}
	EndGlobalSection
EndGlobal
