
Microsoft Visual Studio Solution File, Format Version 12.00
# Visual Studio Version 17
VisualStudioVersion = 17.5.33530.505
MinimumVisualStudioVersion = 10.0.40219.1
Project("{FAE04EC0-301F-11D3-BF4B-00C04F79EFBC}") = "Thread_Binary_Tree", "Thread_Binary_Tree\Thread_Binary_Tree.csproj", "{022079FE-3E5A-44BF-A18C-77AE30BA9810}"
EndProject
Global
	GlobalSection(SolutionConfigurationPlatforms) = preSolution
		Debug|Any CPU = Debug|Any CPU
		Release|Any CPU = Release|Any CPU
	EndGlobalSection
	GlobalSection(ProjectConfigurationPlatforms) = postSolution
		{022079FE-3E5A-44BF-A18C-77AE30BA9810}.Debug|Any CPU.ActiveCfg = Debug|Any CPU
		{022079FE-3E5A-44BF-A18C-77AE30BA9810}.Debug|Any CPU.Build.0 = Debug|Any CPU
		{022079FE-3E5A-44BF-A18C-77AE30BA9810}.Release|Any CPU.ActiveCfg = Release|Any CPU
		{022079FE-3E5A-44BF-A18C-77AE30BA9810}.Release|Any CPU.Build.0 = Release|Any CPU
	EndGlobalSection
	GlobalSection(SolutionProperties) = preSolution
		HideSolutionNode = FALSE
	EndGlobalSection
	GlobalSection(ExtensibilityGlobals) = postSolution
		SolutionGuid = {D8171F80-C98F-4211-BA86-930789D1EDA0}
	EndGlobalSection
EndGlobal
