
Microsoft Visual Studio Solution File, Format Version 12.00
# Visual Studio Version 17
VisualStudioVersion = 17.5.33516.290
MinimumVisualStudioVersion = 10.0.40219.1
Project("{FAE04EC0-301F-11D3-BF4B-00C04F79EFBC}") = "infix_to_postfix", "infix_to_postfix\infix_to_postfix.csproj", "{6B560A6C-40A0-42E4-A9B2-F79C04787FCF}"
EndProject
Global
	GlobalSection(SolutionConfigurationPlatforms) = preSolution
		Debug|Any CPU = Debug|Any CPU
		Release|Any CPU = Release|Any CPU
	EndGlobalSection
	GlobalSection(ProjectConfigurationPlatforms) = postSolution
		{6B560A6C-40A0-42E4-A9B2-F79C04787FCF}.Debug|Any CPU.ActiveCfg = Debug|Any CPU
		{6B560A6C-40A0-42E4-A9B2-F79C04787FCF}.Debug|Any CPU.Build.0 = Debug|Any CPU
		{6B560A6C-40A0-42E4-A9B2-F79C04787FCF}.Release|Any CPU.ActiveCfg = Release|Any CPU
		{6B560A6C-40A0-42E4-A9B2-F79C04787FCF}.Release|Any CPU.Build.0 = Release|Any CPU
	EndGlobalSection
	GlobalSection(SolutionProperties) = preSolution
		HideSolutionNode = FALSE
	EndGlobalSection
	GlobalSection(ExtensibilityGlobals) = postSolution
		SolutionGuid = {750729EB-1B28-4AB2-813B-0F8F4FD536E7}
	EndGlobalSection
EndGlobal
